<?xml version="1.0" encoding="utf-8"?>
<Project ToolsVersion="4.0" xmlns="http://schemas.microsoft.com/developer/msbuild/2003">
  <ItemGroup>
    <Filter Include="Source Files">
      <UniqueIdentifier>{4FC737F1-C7A5-4376-A066-2A32D752A2FF}</UniqueIdentifier>
      <Extensions>cpp;c;cc;cxx;def;odl;idl;hpj;bat;asm;asmx</Extensions>
    </Filter>
    <Filter Include="Header Files">
      <UniqueIdentifier>{93995380-89BD-4b04-88EB-625FBE52EBFB}</UniqueIdentifier>
      <Extensions>h;hh;hpp;hxx;hm;inl;inc;ipp;xsd</Extensions>
    </Filter>
    <Filter Include="Resource Files">
      <UniqueIdentifier>{67DA6AB6-F800-4c08-8B7A-83BB121AAD01}</UniqueIdentifier>
      <Extensions>rc;ico;cur;bmp;dlg;rc2;rct;bin;rgs;gif;jpg;jpeg;jpe;resx;tiff;tif;png;wav;mfcribbon-ms</Extensions>
    </Filter>
    <Filter Include="Shaders">
      <UniqueIdentifier>{527de53f-aea7-4858-97d8-b1a1e89a9905}</UniqueIdentifier>
    </Filter>
    <Filter Include="DearImGui">
      <UniqueIdentifier>{3543e76b-1320-4607-a682-2c3dfa4293d5}</UniqueIdentifier>
    </Filter>
    <Filter Include="DearImGui\source">
      <UniqueIdentifier>{dc6a79ac-83a2-45c6-9592-1b3a203d85f6}</UniqueIdentifier>
    </Filter>
    <Filter Include="DearImGui\header">
      <UniqueIdentifier>{3f4724fd-b4dd-43fd-b458-3c9c5b0e500b}</UniqueIdentifier>
    </Filter>
    <Filter Include="Source Files\Core">
      <UniqueIdentifier>{6e181ed4-ac16-4780-b5de-af7eba937767}</UniqueIdentifier>
    </Filter>
  </ItemGroup>
  <ItemGroup>
    <ClCompile Include="glad.c">
      <Filter>Source Files</Filter>
    </ClCompile>
    <ClCompile Include="main.cpp">
      <Filter>Source Files</Filter>
    </ClCompile>
    <ClCompile Include="Mesh.cpp">
      <Filter>Source Files</Filter>
    </ClCompile>
    <ClCompile Include="Shader.cpp">
      <Filter>Source Files</Filter>
    </ClCompile>
    <ClCompile Include="Texture.cpp">
      <Filter>Source Files</Filter>
    </ClCompile>
    <ClCompile Include="Model.cpp">
      <Filter>Source Files</Filter>
    </ClCompile>
    <ClCompile Include="Time.cpp">
      <Filter>Source Files</Filter>
    </ClCompile>
    <ClCompile Include="Camera.cpp">
      <Filter>Source Files</Filter>
    </ClCompile>
    <ClCompile Include="vendor\dearIMGUI\imgui.cpp">
      <Filter>DearImGui\source</Filter>
    </ClCompile>
    <ClCompile Include="vendor\dearIMGUI\imgui_impl_glfw.cpp">
      <Filter>DearImGui\source</Filter>
    </ClCompile>
    <ClCompile Include="vendor\dearIMGUI\imgui_impl_opengl3.cpp">
      <Filter>DearImGui\source</Filter>
    </ClCompile>
    <ClCompile Include="vendor\dearIMGUI\imgui_demo.cpp">
      <Filter>DearImGui\source</Filter>
    </ClCompile>
    <ClCompile Include="vendor\dearIMGUI\imgui_draw.cpp">
      <Filter>DearImGui\source</Filter>
    </ClCompile>
    <ClCompile Include="vendor\dearIMGUI\imgui_widgets.cpp">
      <Filter>DearImGui\source</Filter>
    </ClCompile>
    <ClCompile Include="Application.cpp">
      <Filter>Source Files\Core</Filter>
    </ClCompile>
    <ClCompile Include="Test.cpp">
      <Filter>Source Files</Filter>
    </ClCompile>
  </ItemGroup>
  <ItemGroup>
    <ClInclude Include="Mesh.h">
      <Filter>Header Files</Filter>
    </ClInclude>
    <ClInclude Include="Shader.h">
      <Filter>Header Files</Filter>
    </ClInclude>
    <ClInclude Include="Vertex.h">
      <Filter>Header Files</Filter>
    </ClInclude>
    <ClInclude Include="Texture.h">
      <Filter>Header Files</Filter>
    </ClInclude>
    <ClInclude Include="Model.h">
      <Filter>Header Files</Filter>
    </ClInclude>
    <ClInclude Include="resource.h">
      <Filter>Header Files</Filter>
    </ClInclude>
    <ClInclude Include="Time.h">
      <Filter>Header Files</Filter>
    </ClInclude>
    <ClInclude Include="Camera.h">
      <Filter>Header Files</Filter>
    </ClInclude>
    <ClInclude Include="vendor\dearIMGUI\imgui.h">
      <Filter>DearImGui\header</Filter>
    </ClInclude>
    <ClInclude Include="vendor\dearIMGUI\imgui_impl_opengl3.h">
      <Filter>DearImGui\header</Filter>
    </ClInclude>
    <ClInclude Include="vendor\dearIMGUI\imgui_impl_glfw.h">
      <Filter>DearImGui\header</Filter>
    </ClInclude>
    <ClInclude Include="vendor\dearIMGUI\imconfig.h">
      <Filter>DearImGui\header</Filter>
    </ClInclude>
    <ClInclude Include="vendor\dearIMGUI\imgui_internal.h">
      <Filter>DearImGui\header</Filter>
    </ClInclude>
    <ClInclude Include="vendor\dearIMGUI\imstb_rectpack.h">
      <Filter>DearImGui\header</Filter>
    </ClInclude>
    <ClInclude Include="vendor\dearIMGUI\imstb_textedit.h">
      <Filter>DearImGui\header</Filter>
    </ClInclude>
    <ClInclude Include="vendor\dearIMGUI\imstb_truetype.h">
      <Filter>DearImGui\header</Filter>
    </ClInclude>
    <ClInclude Include="SlithEngineEnum.h">
      <Filter>Header Files</Filter>
    </ClInclude>
    <ClInclude Include="core.h">
      <Filter>Source Files\Core</Filter>
    </ClInclude>
    <ClInclude Include="Application.h">
      <Filter>Header Files</Filter>
    </ClInclude>
    <ClInclude Include="SlithEngine.h">
      <Filter>Source Files\Core</Filter>
    </ClInclude>
    <ClInclude Include="Test.h">
      <Filter>Header Files</Filter>
    </ClInclude>
  </ItemGroup>
  <ItemGroup>
    <None Include="shaders\Phong.frag">
      <Filter>Shaders</Filter>
    </None>
    <None Include="shaders\Phong.vert">
      <Filter>Shaders</Filter>
    </None>
    <None Include="shaders\skybox.vert">
      <Filter>Shaders</Filter>
    </None>
    <None Include="shaders\skybox.frag">
      <Filter>Shaders</Filter>
    </None>
    <None Include="shaders\PBR.frag">
      <Filter>Shaders</Filter>
    </None>
    <None Include="shaders\PBR.vert">
      <Filter>Shaders</Filter>
    </None>
    <None Include="shaders\HDRToneMapping.frag">
      <Filter>Shaders</Filter>
    </None>
    <None Include="shaders\HDRToneMapping.vert">
      <Filter>Shaders</Filter>
    </None>
    <None Include="shaders\brdf.frag">
      <Filter>Shaders</Filter>
    </None>
    <None Include="shaders\brdf.vert">
      <Filter>Shaders</Filter>
    </None>
    <None Include="shaders\cubemap.vert">
      <Filter>Shaders</Filter>
    </None>
    <None Include="shaders\equirectangular_to_cubemap.frag">
      <Filter>Shaders</Filter>
    </None>
    <None Include="shaders\irradiance_convolution.frag">
      <Filter>Shaders</Filter>
    </None>
    <None Include="shaders\pbr_ibl.frag">
      <Filter>Shaders</Filter>
    </None>
    <None Include="shaders\pbr_ibl.vert">
      <Filter>Shaders</Filter>
    </None>
    <None Include="shaders\prefilter.frag">
      <Filter>Shaders</Filter>
    </None>
    <None Include="shaders\background.frag">
      <Filter>Shaders</Filter>
    </None>
    <None Include="shaders\background.vert">
      <Filter>Shaders</Filter>
    </None>
    <None Include="light.frag">
      <Filter>Shaders</Filter>
    </None>
    <None Include="light.vert">
      <Filter>Shaders</Filter>
    </None>
  </ItemGroup>
  <ItemGroup>
    <ResourceCompile Include="SlithEngine.rc">
      <Filter>Resource Files</Filter>
    </ResourceCompile>
  </ItemGroup>
</Project>